
Microsoft Visual Studio Solution File, Format Version 12.00
# Visual Studio 2012
Project("{FAE04EC0-301F-11D3-BF4B-00C04F79EFBC}") = "bootstrapTheme", "bootstrapTheme\bootstrapTheme.csproj", "{EA1AE9EA-2AD1-4307-A366-C923AF8AA909}"
EndProject
Global
	GlobalSection(SolutionConfigurationPlatforms) = preSolution
		Debug|Any CPU = Debug|Any CPU
		Release|Any CPU = Release|Any CPU
	EndGlobalSection
	GlobalSection(ProjectConfigurationPlatforms) = postSolution
		{EA1AE9EA-2AD1-4307-A366-C923AF8AA909}.Debug|Any CPU.ActiveCfg = Debug|Any CPU
		{EA1AE9EA-2AD1-4307-A366-C923AF8AA909}.Debug|Any CPU.Build.0 = Debug|Any CPU
		{EA1AE9EA-2AD1-4307-A366-C923AF8AA909}.Release|Any CPU.ActiveCfg = Release|Any CPU
		{EA1AE9EA-2AD1-4307-A366-C923AF8AA909}.Release|Any CPU.Build.0 = Release|Any CPU
	EndGlobalSection
	GlobalSection(SolutionProperties) = preSolution
		HideSolutionNode = FALSE
	EndGlobalSection
EndGlobal
